
Microsoft Visual Studio Solution File, Format Version 12.00
# Visual Studio Version 16
VisualStudioVersion = 16.0.30717.126
MinimumVisualStudioVersion = 10.0.40219.1
Project("{FAE04EC0-301F-11D3-BF4B-00C04F79EFBC}") = "DictionaryHomework", "DictionaryHomework\DictionaryHomework.csproj", "{12CDA2C5-C04D-4575-B2FA-F434BB173E14}"
EndProject
Global
	GlobalSection(SolutionConfigurationPlatforms) = preSolution
		Debug|Any CPU = Debug|Any CPU
		Release|Any CPU = Release|Any CPU
	EndGlobalSection
	GlobalSection(ProjectConfigurationPlatforms) = postSolution
		{12CDA2C5-C04D-4575-B2FA-F434BB173E14}.Debug|Any CPU.ActiveCfg = Debug|Any CPU
		{12CDA2C5-C04D-4575-B2FA-F434BB173E14}.Debug|Any CPU.Build.0 = Debug|Any CPU
		{12CDA2C5-C04D-4575-B2FA-F434BB173E14}.Release|Any CPU.ActiveCfg = Release|Any CPU
		{12CDA2C5-C04D-4575-B2FA-F434BB173E14}.Release|Any CPU.Build.0 = Release|Any CPU
	EndGlobalSection
	GlobalSection(SolutionProperties) = preSolution
		HideSolutionNode = FALSE
	EndGlobalSection
	GlobalSection(ExtensibilityGlobals) = postSolution
		SolutionGuid = {DF23B6B7-3F42-47BA-8F8C-ECB7F94CC1F5}
	EndGlobalSection
EndGlobal
